Microsoft Visual Studio Solution File, Format Version 12.00
# Visual Studio 15
VisualStudioVersion = 15.0.27428.2015
MinimumVisualStudioVersion = 10.0.40219.1
Project("{9A19103F-16F7-4668-BE54-9A1E7A4F7556}") = "MamaBird", "MamaBird\MamaBird.csproj", "{3F07DA1C-C960-4948-BDB0-A00452F4F712}"
EndProject
Project("{9A19103F-16F7-4668-BE54-9A1E7A4F7556}") = "MamaBird.Test", "MamaBird.Test\MamaBird.Test.csproj", "{A64E85F7-B881-41EB-8B29-95BFE93F8492}"
EndProject
Project("{2150E333-8FDC-42A3-9474-1A3956D46DE8}") = "Solution Items", "Solution Items", "{F36CEA9C-99A4-4F44-9854-ABAC2E593323}"
	ProjectSection(SolutionItems) = preProject
		README.md = README.md
	EndProjectSection
EndProject
Global
	GlobalSection(SolutionConfigurationPlatforms) = preSolution
		Debug|Any CPU = Debug|Any CPU
		Release|Any CPU = Release|Any CPU
	EndGlobalSection
	GlobalSection(ProjectConfigurationPlatforms) = postSolution
		{3F07DA1C-C960-4948-BDB0-A00452F4F712}.Debug|Any CPU.ActiveCfg = Debug|Any CPU
		{3F07DA1C-C960-4948-BDB0-A00452F4F712}.Debug|Any CPU.Build.0 = Debug|Any CPU
		{3F07DA1C-C960-4948-BDB0-A00452F4F712}.Release|Any CPU.ActiveCfg = Release|Any CPU
		{3F07DA1C-C960-4948-BDB0-A00452F4F712}.Release|Any CPU.Build.0 = Release|Any CPU
		{A64E85F7-B881-41EB-8B29-95BFE93F8492}.Debug|Any CPU.ActiveCfg = Debug|Any CPU
		{A64E85F7-B881-41EB-8B29-95BFE93F8492}.Debug|Any CPU.Build.0 = Debug|Any CPU
		{A64E85F7-B881-41EB-8B29-95BFE93F8492}.Release|Any CPU.ActiveCfg = Release|Any CPU
		{A64E85F7-B881-41EB-8B29-95BFE93F8492}.Release|Any CPU.Build.0 = Release|Any CPU
	EndGlobalSection
	GlobalSection(SolutionProperties) = preSolution
		HideSolutionNode = FALSE
	EndGlobalSection
	GlobalSection(ExtensibilityGlobals) = postSolution
		SolutionGuid = {75E31FE8-CA93-40AA-A01B-C0B82F812192}
	EndGlobalSection
EndGlobal
